
Microsoft Visual Studio Solution File, Format Version 12.00
# Visual Studio Version 16
VisualStudioVersion = 16.0.31515.178
MinimumVisualStudioVersion = 10.0.40219.1
Project("{FAE04EC0-301F-11D3-BF4B-00C04F79EFBC}") = "MySuperBank", "MySuperBank.csproj", "{BF0C5256-4DF5-4708-8372-D4104359FC6A}"
EndProject
Project("{FAE04EC0-301F-11D3-BF4B-00C04F79EFBC}") = "BankyStuffLibrary", "..\BankyStuffLibrary\BankyStuffLibrary.csproj", "{245D50E2-5C36-4EA5-B527-54849F2EF1C2}"
EndProject
Project("{FAE04EC0-301F-11D3-BF4B-00C04F79EFBC}") = "BankingTests", "..\BankingTests\BankingTests.csproj", "{060B8B5E-EF18-4FCF-8F2E-9CED7CDABF63}"
EndProject
Global
	GlobalSection(SolutionConfigurationPlatforms) = preSolution
		Debug|Any CPU = Debug|Any CPU
		Release|Any CPU = Release|Any CPU
	EndGlobalSection
	GlobalSection(ProjectConfigurationPlatforms) = postSolution
		{BF0C5256-4DF5-4708-8372-D4104359FC6A}.Debug|Any CPU.ActiveCfg = Debug|Any CPU
		{BF0C5256-4DF5-4708-8372-D4104359FC6A}.Debug|Any CPU.Build.0 = Debug|Any CPU
		{BF0C5256-4DF5-4708-8372-D4104359FC6A}.Release|Any CPU.ActiveCfg = Release|Any CPU
		{BF0C5256-4DF5-4708-8372-D4104359FC6A}.Release|Any CPU.Build.0 = Release|Any CPU
		{245D50E2-5C36-4EA5-B527-54849F2EF1C2}.Debug|Any CPU.ActiveCfg = Debug|Any CPU
		{245D50E2-5C36-4EA5-B527-54849F2EF1C2}.Debug|Any CPU.Build.0 = Debug|Any CPU
		{245D50E2-5C36-4EA5-B527-54849F2EF1C2}.Release|Any CPU.ActiveCfg = Release|Any CPU
		{245D50E2-5C36-4EA5-B527-54849F2EF1C2}.Release|Any CPU.Build.0 = Release|Any CPU
		{060B8B5E-EF18-4FCF-8F2E-9CED7CDABF63}.Debug|Any CPU.ActiveCfg = Debug|Any CPU
		{060B8B5E-EF18-4FCF-8F2E-9CED7CDABF63}.Debug|Any CPU.Build.0 = Debug|Any CPU
		{060B8B5E-EF18-4FCF-8F2E-9CED7CDABF63}.Release|Any CPU.ActiveCfg = Release|Any CPU
		{060B8B5E-EF18-4FCF-8F2E-9CED7CDABF63}.Release|Any CPU.Build.0 = Release|Any CPU
	EndGlobalSection
	GlobalSection(SolutionProperties) = preSolution
		HideSolutionNode = FALSE
	EndGlobalSection
	GlobalSection(ExtensibilityGlobals) = postSolution
		SolutionGuid = {57A17E82-70ED-4073-B7FA-1D102AB29B4B}
	EndGlobalSection
EndGlobal
